
Microsoft Visual Studio Solution File, Format Version 12.00
# Visual Studio Version 16
VisualStudioVersion = 16.0.29905.134
MinimumVisualStudioVersion = 10.0.40219.1
Project("{FAE04EC0-301F-11D3-BF4B-00C04F79EFBC}") = "ProjObDuze2", "ProjObDuze2\ProjObDuze2.csproj", "{682FFBF8-2177-4B4E-9CC4-10F9A9CD59CA}"
EndProject
Global
	GlobalSection(SolutionConfigurationPlatforms) = preSolution
		Debug|Any CPU = Debug|Any CPU
		Release|Any CPU = Release|Any CPU
	EndGlobalSection
	GlobalSection(ProjectConfigurationPlatforms) = postSolution
		{682FFBF8-2177-4B4E-9CC4-10F9A9CD59CA}.Debug|Any CPU.ActiveCfg = Debug|Any CPU
		{682FFBF8-2177-4B4E-9CC4-10F9A9CD59CA}.Debug|Any CPU.Build.0 = Debug|Any CPU
		{682FFBF8-2177-4B4E-9CC4-10F9A9CD59CA}.Release|Any CPU.ActiveCfg = Release|Any CPU
		{682FFBF8-2177-4B4E-9CC4-10F9A9CD59CA}.Release|Any CPU.Build.0 = Release|Any CPU
	EndGlobalSection
	GlobalSection(SolutionProperties) = preSolution
		HideSolutionNode = FALSE
	EndGlobalSection
	GlobalSection(ExtensibilityGlobals) = postSolution
		SolutionGuid = {B03AD742-ABF4-4CDC-884D-FB901E473DD8}
	EndGlobalSection
EndGlobal
