
Microsoft Visual Studio Solution File, Format Version 12.00
# Visual Studio Version 16
VisualStudioVersion = 16.0.29905.134
MinimumVisualStudioVersion = 10.0.40219.1
Project("{FAE04EC0-301F-11D3-BF4B-00C04F79EFBC}") = "PWSGWPF", "PWSGWPF\PWSGWPF.csproj", "{DD6EDD17-1D0A-4721-96C1-8EA39103CC5E}"
EndProject
Global
	GlobalSection(SolutionConfigurationPlatforms) = preSolution
		Debug|Any CPU = Debug|Any CPU
		Release|Any CPU = Release|Any CPU
	EndGlobalSection
	GlobalSection(ProjectConfigurationPlatforms) = postSolution
		{DD6EDD17-1D0A-4721-96C1-8EA39103CC5E}.Debug|Any CPU.ActiveCfg = Debug|Any CPU
		{DD6EDD17-1D0A-4721-96C1-8EA39103CC5E}.Debug|Any CPU.Build.0 = Debug|Any CPU
		{DD6EDD17-1D0A-4721-96C1-8EA39103CC5E}.Release|Any CPU.ActiveCfg = Release|Any CPU
		{DD6EDD17-1D0A-4721-96C1-8EA39103CC5E}.Release|Any CPU.Build.0 = Release|Any CPU
	EndGlobalSection
	GlobalSection(SolutionProperties) = preSolution
		HideSolutionNode = FALSE
	EndGlobalSection
	GlobalSection(ExtensibilityGlobals) = postSolution
		SolutionGuid = {FF90ED17-7A53-4CE9-915A-E89244C07856}
	EndGlobalSection
EndGlobal
