
Microsoft Visual Studio Solution File, Format Version 12.00
# Visual Studio Version 16
VisualStudioVersion = 16.0.29905.134
MinimumVisualStudioVersion = 10.0.40219.1
Project("{FAE04EC0-301F-11D3-BF4B-00C04F79EFBC}") = "PwsgForms", "PwsgForms\PwsgForms.csproj", "{854BD528-7117-400D-A558-7D56E25C7381}"
EndProject
Global
	GlobalSection(SolutionConfigurationPlatforms) = preSolution
		Debug|Any CPU = Debug|Any CPU
		Release|Any CPU = Release|Any CPU
	EndGlobalSection
	GlobalSection(ProjectConfigurationPlatforms) = postSolution
		{854BD528-7117-400D-A558-7D56E25C7381}.Debug|Any CPU.ActiveCfg = Debug|Any CPU
		{854BD528-7117-400D-A558-7D56E25C7381}.Debug|Any CPU.Build.0 = Debug|Any CPU
		{854BD528-7117-400D-A558-7D56E25C7381}.Release|Any CPU.ActiveCfg = Release|Any CPU
		{854BD528-7117-400D-A558-7D56E25C7381}.Release|Any CPU.Build.0 = Release|Any CPU
	EndGlobalSection
	GlobalSection(SolutionProperties) = preSolution
		HideSolutionNode = FALSE
	EndGlobalSection
	GlobalSection(ExtensibilityGlobals) = postSolution
		SolutionGuid = {EAE8164E-8656-49CB-BE1B-70B24EC45CD0}
	EndGlobalSection
EndGlobal
